// !$*UTF8*$!
{
	archiveVersion = 1;
	classes = {
	};
	objectVersion = 56;
	objects = {

/* Begin PBXBuildFile section */
		2D11DD7929AE0BDB00BE02D1 /* HomeView.swift in Sources */ = {isa = PBXBuildFile; fileRef = 2D11DD7829AE0BDB00BE02D1 /* HomeView.swift */; };
		2D886B4229ADDB1C00F47C96 /* AppDelegate.swift in Sources */ = {isa = PBXBuildFile; fileRef = 2D886B4129ADDB1C00F47C96 /* AppDelegate.swift */; };
		2D886B4429ADDB1C00F47C96 /* SceneDelegate.swift in Sources */ = {isa = PBXBuildFile; fileRef = 2D886B4329ADDB1C00F47C96 /* SceneDelegate.swift */; };
		2D886B4629ADDB1C00F47C96 /* LoginView.swift in Sources */ = {isa = PBXBuildFile; fileRef = 2D886B4529ADDB1C00F47C96 /* LoginView.swift */; };
		2D886B4929ADDB1C00F47C96 /* Main.storyboard in Resources */ = {isa = PBXBuildFile; fileRef = 2D886B4729ADDB1C00F47C96 /* Main.storyboard */; };
		2D886B4B29ADDB1D00F47C96 /* Assets.xcassets in Resources */ = {isa = PBXBuildFile; fileRef = 2D886B4A29ADDB1D00F47C96 /* Assets.xcassets */; };
		2D886B4E29ADDB1D00F47C96 /* LaunchScreen.storyboard in Resources */ = {isa = PBXBuildFile; fileRef = 2D886B4C29ADDB1D00F47C96 /* LaunchScreen.storyboard */; };
		2D886B5729ADDBD600F47C96 /* LoginViewModel.swift in Sources */ = {isa = PBXBuildFile; fileRef = 2D886B5629ADDBD600F47C96 /* LoginViewModel.swift */; };
		2D886B5A29ADDD3B00F47C96 /* APIClient.swift in Sources */ = {isa = PBXBuildFile; fileRef = 2D886B5929ADDD3B00F47C96 /* APIClient.swift */; };
		2D886B5C29ADDF5300F47C96 /* User.swift in Sources */ = {isa = PBXBuildFile; fileRef = 2D886B5B29ADDF5300F47C96 /* User.swift */; };
/* End PBXBuildFile section */

/* Begin PBXFileReference section */
		2D11DD7829AE0BDB00BE02D1 /* HomeView.swift */ = {isa = PBXFileReference; lastKnownFileType = sourcecode.swift; path = HomeView.swift; sourceTree = "<group>"; };
		2D886B3E29ADDB1C00F47C96 /* Login MVVM.app */ = {isa = PBXFileReference; explicitFileType = wrapper.application; includeInIndex = 0; path = "Login MVVM.app"; sourceTree = BUILT_PRODUCTS_DIR; };
		2D886B4129ADDB1C00F47C96 /* AppDelegate.swift */ = {isa = PBXFileReference; lastKnownFileType = sourcecode.swift; path = AppDelegate.swift; sourceTree = "<group>"; };
		2D886B4329ADDB1C00F47C96 /* SceneDelegate.swift */ = {isa = PBXFileReference; lastKnownFileType = sourcecode.swift; path = SceneDelegate.swift; sourceTree = "<group>"; };
		2D886B4529ADDB1C00F47C96 /* LoginView.swift */ = {isa = PBXFileReference; lastKnownFileType = sourcecode.swift; path = LoginView.swift; sourceTree = "<group>"; };
		2D886B4829ADDB1C00F47C96 /* Base */ = {isa = PBXFileReference; lastKnownFileType = file.storyboard; name = Base; path = Base.lproj/Main.storyboard; sourceTree = "<group>"; };
		2D886B4A29ADDB1D00F47C96 /* Assets.xcassets */ = {isa = PBXFileReference; lastKnownFileType = folder.assetcatalog; path = Assets.xcassets; sourceTree = "<group>"; };
		2D886B4D29ADDB1D00F47C96 /* Base */ = {isa = PBXFileReference; lastKnownFileType = file.storyboard; name = Base; path = Base.lproj/LaunchScreen.storyboard; sourceTree = "<group>"; };
		2D886B4F29ADDB1D00F47C96 /* Info.plist */ = {isa = PBXFileReference; lastKnownFileType = text.plist.xml; path = Info.plist; sourceTree = "<group>"; };
		2D886B5629ADDBD600F47C96 /* LoginViewModel.swift */ = {isa = PBXFileReference; lastKnownFileType = sourcecode.swift; path = LoginViewModel.swift; sourceTree = "<group>"; };
		2D886B5929ADDD3B00F47C96 /* APIClient.swift */ = {isa = PBXFileReference; lastKnownFileType = sourcecode.swift; path = APIClient.swift; sourceTree = "<group>"; };
		2D886B5B29ADDF5300F47C96 /* User.swift */ = {isa = PBXFileReference; lastKnownFileType = sourcecode.swift; path = User.swift; sourceTree = "<group>"; };
/* End PBXFileReference section */

/* Begin PBXFrameworksBuildPhase section */
		2D886B3B29ADDB1C00F47C96 /* Frameworks */ = {
			isa = PBXFrameworksBuildPhase;
			buildActionMask = 2147483647;
			files = (
			);
			runOnlyForDeploymentPostprocessing = 0;
		};
/* End PBXFrameworksBuildPhase section */

/* Begin PBXGroup section */
		2D11DD7729AE0BC600BE02D1 /* Home */ = {
			isa = PBXGroup;
			children = (
				2D11DD7829AE0BDB00BE02D1 /* HomeView.swift */,
			);
			path = Home;
			sourceTree = "<group>";
		};
		2D886B3529ADDB1C00F47C96 = {
			isa = PBXGroup;
			children = (
				2D886B4029ADDB1C00F47C96 /* Login MVVM */,
				2D886B3F29ADDB1C00F47C96 /* Products */,
			);
			sourceTree = "<group>";
		};
		2D886B3F29ADDB1C00F47C96 /* Products */ = {
			isa = PBXGroup;
			children = (
				2D886B3E29ADDB1C00F47C96 /* Login MVVM.app */,
			);
			name = Products;
			sourceTree = "<group>";
		};
		2D886B4029ADDB1C00F47C96 /* Login MVVM */ = {
			isa = PBXGroup;
			children = (
				2D886B4129ADDB1C00F47C96 /* AppDelegate.swift */,
				2D886B4329ADDB1C00F47C96 /* SceneDelegate.swift */,
				2D11DD7729AE0BC600BE02D1 /* Home */,
				2D886B5529ADDBB200F47C96 /* Login */,
				2D886B4729ADDB1C00F47C96 /* Main.storyboard */,
				2D886B4A29ADDB1D00F47C96 /* Assets.xcassets */,
				2D886B4C29ADDB1D00F47C96 /* LaunchScreen.storyboard */,
				2D886B4F29ADDB1D00F47C96 /* Info.plist */,
			);
			path = "Login MVVM";
			sourceTree = "<group>";
		};
		2D886B5529ADDBB200F47C96 /* Login */ = {
			isa = PBXGroup;
			children = (
				2D886B5829ADDBF200F47C96 /* Model */,
				2D886B4529ADDB1C00F47C96 /* LoginView.swift */,
				2D886B5629ADDBD600F47C96 /* LoginViewModel.swift */,
			);
			path = Login;
			sourceTree = "<group>";
		};
		2D886B5829ADDBF200F47C96 /* Model */ = {
			isa = PBXGroup;
			children = (
				2D886B5929ADDD3B00F47C96 /* APIClient.swift */,
				2D886B5B29ADDF5300F47C96 /* User.swift */,
			);
			path = Model;
			sourceTree = "<group>";
		};
/* End PBXGroup section */

/* Begin PBXNativeTarget section */
		2D886B3D29ADDB1C00F47C96 /* Login MVVM */ = {
			isa = PBXNativeTarget;
			buildConfigurationList = 2D886B5229ADDB1D00F47C96 /* Build configuration list for PBXNativeTarget "Login MVVM" */;
			buildPhases = (
				2D886B3A29ADDB1C00F47C96 /* Sources */,
				2D886B3B29ADDB1C00F47C96 /* Frameworks */,
				2D886B3C29ADDB1C00F47C96 /* Resources */,
			);
			buildRules = (
			);
			dependencies = (
			);
			name = "Login MVVM";
			productName = "Login MVVM";
			productReference = 2D886B3E29ADDB1C00F47C96 /* Login MVVM.app */;
			productType = "com.apple.product-type.application";
		};
/* End PBXNativeTarget section */

/* Begin PBXProject section */
		2D886B3629ADDB1C00F47C96 /* Project object */ = {
			isa = PBXProject;
			attributes = {
				BuildIndependentTargetsInParallel = 1;
				LastSwiftUpdateCheck = 1420;
				LastUpgradeCheck = 1420;
				TargetAttributes = {
					2D886B3D29ADDB1C00F47C96 = {
						CreatedOnToolsVersion = 14.2;
					};
				};
			};
			buildConfigurationList = 2D886B3929ADDB1C00F47C96 /* Build configuration list for PBXProject "Login MVVM" */;
			compatibilityVersion = "Xcode 14.0";
			developmentRegion = en;
			hasScannedForEncodings = 0;
			knownRegions = (
				en,
				Base,
			);
			mainGroup = 2D886B3529ADDB1C00F47C96;
			productRefGroup = 2D886B3F29ADDB1C00F47C96 /* Products */;
			projectDirPath = "";
			projectRoot = "";
			targets = (
				2D886B3D29ADDB1C00F47C96 /* Login MVVM */,
			);
		};
/* End PBXProject section */

/* Begin PBXResourcesBuildPhase section */
		2D886B3C29ADDB1C00F47C96 /* Resources */ = {
			isa = PBXResourcesBuildPhase;
			buildActionMask = 2147483647;
			files = (
				2D886B4E29ADDB1D00F47C96 /* LaunchScreen.storyboard in Resources */,
				2D886B4B29ADDB1D00F47C96 /* Assets.xcassets in Resources */,
				2D886B4929ADDB1C00F47C96 /* Main.storyboard in Resources */,
			);
			runOnlyForDeploymentPostprocessing = 0;
		};
/* End PBXResourcesBuildPhase section */

/* Begin PBXSourcesBuildPhase section */
		2D886B3A29ADDB1C00F47C96 /* Sources */ = {
			isa = PBXSourcesBuildPhase;
			buildActionMask = 2147483647;
			files = (
				2D886B5729ADDBD600F47C96 /* LoginViewModel.swift in Sources */,
				2D11DD7929AE0BDB00BE02D1 /* HomeView.swift in Sources */,
				2D886B4629ADDB1C00F47C96 /* LoginView.swift in Sources */,
				2D886B5C29ADDF5300F47C96 /* User.swift in Sources */,
				2D886B4229ADDB1C00F47C96 /* AppDelegate.swift in Sources */,
				2D886B5A29ADDD3B00F47C96 /* APIClient.swift in Sources */,
				2D886B4429ADDB1C00F47C96 /* SceneDelegate.swift in Sources */,
			);
			runOnlyForDeploymentPostprocessing = 0;
		};
/* End PBXSourcesBuildPhase section */

/* Begin PBXVariantGroup section */
		2D886B4729ADDB1C00F47C96 /* Main.storyboard */ = {
			isa = PBXVariantGroup;
			children = (
				2D886B4829ADDB1C00F47C96 /* Base */,
			);
			name = Main.storyboard;
			sourceTree = "<group>";
		};
		2D886B4C29ADDB1D00F47C96 /* LaunchScreen.storyboard */ = {
			isa = PBXVariantGroup;
			children = (
				2D886B4D29ADDB1D00F47C96 /* Base */,
			);
			name = LaunchScreen.storyboard;
			sourceTree = "<group>";
		};
/* End PBXVariantGroup section */

/* Begin XCBuildConfiguration section */
		2D886B5029ADDB1D00F47C96 /* Debug */ = {
			isa = XCBuildConfiguration;
			buildSettings = {
				ALWAYS_SEARCH_USER_PATHS = NO;
				CLANG_ANALYZER_NONNULL = YES;
				CLANG_ANALYZER_NUMBER_OBJECT_CONVERSION = YES_AGGRESSIVE;
				CLANG_CXX_LANGUAGE_STANDARD = "gnu++20";
				CLANG_ENABLE_MODULES = YES;
				CLANG_ENABLE_OBJC_ARC = YES;
				CLANG_ENABLE_OBJC_WEAK = YES;
				CLANG_WARN_BLOCK_CAPTURE_AUTORELEASING = YES;
				CLANG_WARN_BOOL_CONVERSION = YES;
				CLANG_WARN_COMMA = YES;
				CLANG_WARN_CONSTANT_CONVERSION = YES;
				CLANG_WARN_DEPRECATED_OBJC_IMPLEMENTATIONS = YES;
				CLANG_WARN_DIRECT_OBJC_ISA_USAGE = YES_ERROR;
				CLANG_WARN_DOCUMENTATION_COMMENTS = YES;
				CLANG_WARN_EMPTY_BODY = YES;
				CLANG_WARN_ENUM_CONVERSION = YES;
				CLANG_WARN_INFINITE_RECURSION = YES;
				CLANG_WARN_INT_CONVERSION = YES;
				CLANG_WARN_NON_LITERAL_NULL_CONVERSION = YES;
				CLANG_WARN_OBJC_IMPLICIT_RETAIN_SELF = YES;
				CLANG_WARN_OBJC_LITERAL_CONVERSION = YES;
				CLANG_WARN_OBJC_ROOT_CLASS = YES_ERROR;
				CLANG_WARN_QUOTED_INCLUDE_IN_FRAMEWORK_HEADER = YES;
				CLANG_WARN_RANGE_LOOP_ANALYSIS = YES;
				CLANG_WARN_STRICT_PROTOTYPES = YES;
				CLANG_WARN_SUSPICIOUS_MOVE = YES;
				CLANG_WARN_UNGUARDED_AVAILABILITY = YES_AGGRESSIVE;
				CLANG_WARN_UNREACHABLE_CODE = YES;
				CLANG_WARN__DUPLICATE_METHOD_MATCH = YES;
				COPY_PHASE_STRIP = NO;
				DEBUG_INFORMATION_FORMAT = dwarf;
				ENABLE_STRICT_OBJC_MSGSEND = YES;
				ENABLE_TESTABILITY = YES;
				GCC_C_LANGUAGE_STANDARD = gnu11;
				GCC_DYNAMIC_NO_PIC = NO;
				GCC_NO_COMMON_BLOCKS = YES;
				GCC_OPTIMIZATION_LEVEL = 0;
				GCC_PREPROCESSOR_DEFINITIONS = (
					"DEBUG=1",
					"$(inherited)",
				);
				GCC_WARN_64_TO_32_BIT_CONVERSION = YES;
				GCC_WARN_ABOUT_RETURN_TYPE = YES_ERROR;
				GCC_WARN_UNDECLARED_SELECTOR = YES;
				GCC_WARN_UNINITIALIZED_AUTOS = YES_AGGRESSIVE;
				GCC_WARN_UNUSED_FUNCTION = YES;
				GCC_WARN_UNUSED_VARIABLE = YES;
				IPHONEOS_DEPLOYMENT_TARGET = 16.2;
				MTL_ENABLE_DEBUG_INFO = INCLUDE_SOURCE;
				MTL_FAST_MATH = YES;
				ONLY_ACTIVE_ARCH = YES;
				SDKROOT = iphoneos;
				SWIFT_ACTIVE_COMPILATION_CONDITIONS = DEBUG;
				SWIFT_OPTIMIZATION_LEVEL = "-Onone";
			};
			name = Debug;
		};
		2D886B5129ADDB1D00F47C96 /* Release */ = {
			isa = XCBuildConfiguration;
			buildSettings = {
				ALWAYS_SEARCH_USER_PATHS = NO;
				CLANG_ANALYZER_NONNULL = YES;
				CLANG_ANALYZER_NUMBER_OBJECT_CONVERSION = YES_AGGRESSIVE;
				CLANG_CXX_LANGUAGE_STANDARD = "gnu++20";
				CLANG_ENABLE_MODULES = YES;
				CLANG_ENABLE_OBJC_ARC = YES;
				CLANG_ENABLE_OBJC_WEAK = YES;
				CLANG_WARN_BLOCK_CAPTURE_AUTORELEASING = YES;
				CLANG_WARN_BOOL_CONVERSION = YES;
				CLANG_WARN_COMMA = YES;
				CLANG_WARN_CONSTANT_CONVERSION = YES;
				CLANG_WARN_DEPRECATED_OBJC_IMPLEMENTATIONS = YES;
				CLANG_WARN_DIRECT_OBJC_ISA_USAGE = YES_ERROR;
				CLANG_WARN_DOCUMENTATION_COMMENTS = YES;
				CLANG_WARN_EMPTY_BODY = YES;
				CLANG_WARN_ENUM_CONVERSION = YES;
				CLANG_WARN_INFINITE_RECURSION = YES;
				CLANG_WARN_INT_CONVERSION = YES;
				CLANG_WARN_NON_LITERAL_NULL_CONVERSION = YES;
				CLANG_WARN_OBJC_IMPLICIT_RETAIN_SELF = YES;
				CLANG_WARN_OBJC_LITERAL_CONVERSION = YES;
				CLANG_WARN_OBJC_ROOT_CLASS = YES_ERROR;
				CLANG_WARN_QUOTED_INCLUDE_IN_FRAMEWORK_HEADER = YES;
				CLANG_WARN_RANGE_LOOP_ANALYSIS = YES;
				CLANG_WARN_STRICT_PROTOTYPES = YES;
				CLANG_WARN_SUSPICIOUS_MOVE = YES;
				CLANG_WARN_UNGUARDED_AVAILABILITY = YES_AGGRESSIVE;
				CLANG_WARN_UNREACHABLE_CODE = YES;
				CLANG_WARN__DUPLICATE_METHOD_MATCH = YES;
				COPY_PHASE_STRIP = NO;
				DEBUG_INFORMATION_FORMAT = "dwarf-with-dsym";
				ENABLE_NS_ASSERTIONS = NO;
				ENABLE_STRICT_OBJC_MSGSEND = YES;
				GCC_C_LANGUAGE_STANDARD = gnu11;
				GCC_NO_COMMON_BLOCKS = YES;
				GCC_WARN_64_TO_32_BIT_CONVERSION = YES;
				GCC_WARN_ABOUT_RETURN_TYPE = YES_ERROR;
				GCC_WARN_UNDECLARED_SELECTOR = YES;
				GCC_WARN_UNINITIALIZED_AUTOS = YES_AGGRESSIVE;
				GCC_WARN_UNUSED_FUNCTION = YES;
				GCC_WARN_UNUSED_VARIABLE = YES;
				IPHONEOS_DEPLOYMENT_TARGET = 16.2;
				MTL_ENABLE_DEBUG_INFO = NO;
				MTL_FAST_MATH = YES;
				SDKROOT = iphoneos;
				SWIFT_COMPILATION_MODE = wholemodule;
				SWIFT_OPTIMIZATION_LEVEL = "-O";
				VALIDATE_PRODUCT = YES;
			};
			name = Release;
		};
		2D886B5329ADDB1D00F47C96 /* Debug */ = {
			isa = XCBuildConfiguration;
			buildSettings = {
				ASSETCATALOG_COMPILER_APPICON_NAME = AppIcon;
				ASSETCATALOG_COMPILER_GLOBAL_ACCENT_COLOR_NAME = AccentColor;
				CODE_SIGN_STYLE = Automatic;
				CURRENT_PROJECT_VERSION = 1;
				GENERATE_INFOPLIST_FILE = YES;
				INFOPLIST_FILE = "Login MVVM/Info.plist";
				INFOPLIST_KEY_UIApplicationSupportsIndirectInputEvents = YES;
				INFOPLIST_KEY_UILaunchStoryboardName = LaunchScreen;
				INFOPLIST_KEY_UIMainStoryboardFile = Main;
				INFOPLIST_KEY_UISupportedInterfaceOrientations_iPad = "UIInterfaceOrientationPortrait UIInterfaceOrientationPortraitUpsideDown UIInterfaceOrientationLandscapeLeft UIInterfaceOrientationLandscapeRight";
				INFOPLIST_KEY_UISupportedInterfaceOrientations_iPhone = "UIInterfaceOrientationPortrait UIInterfaceOrientationLandscapeLeft UIInterfaceOrientationLandscapeRight";
				LD_RUNPATH_SEARCH_PATHS = (
					"$(inherited)",
					"@executable_path/Frameworks",
				);
				MARKETING_VERSION = 1.0;
				PRODUCT_BUNDLE_IDENTIFIER = "dev.iber.Login-MVVM";
				PRODUCT_NAME = "$(TARGET_NAME)";
				SWIFT_EMIT_LOC_STRINGS = YES;
				SWIFT_VERSION = 5.0;
				TARGETED_DEVICE_FAMILY = "1,2";
			};
			name = Debug;
		};
		2D886B5429ADDB1D00F47C96 /* Release */ = {
			isa = XCBuildConfiguration;
			buildSettings = {
				ASSETCATALOG_COMPILER_APPICON_NAME = AppIcon;
				ASSETCATALOG_COMPILER_GLOBAL_ACCENT_COLOR_NAME = AccentColor;
				CODE_SIGN_STYLE = Automatic;
				CURRENT_PROJECT_VERSION = 1;
				GENERATE_INFOPLIST_FILE = YES;
				INFOPLIST_FILE = "Login MVVM/Info.plist";
				INFOPLIST_KEY_UIApplicationSupportsIndirectInputEvents = YES;
				INFOPLIST_KEY_UILaunchStoryboardName = LaunchScreen;
				INFOPLIST_KEY_UIMainStoryboardFile = Main;
				INFOPLIST_KEY_UISupportedInterfaceOrientations_iPad = "UIInterfaceOrientationPortrait UIInterfaceOrientationPortraitUpsideDown UIInterfaceOrientationLandscapeLeft UIInterfaceOrientationLandscapeRight";
				INFOPLIST_KEY_UISupportedInterfaceOrientations_iPhone = "UIInterfaceOrientationPortrait UIInterfaceOrientationLandscapeLeft UIInterfaceOrientationLandscapeRight";
				LD_RUNPATH_SEARCH_PATHS = (
					"$(inherited)",
					"@executable_path/Frameworks",
				);
				MARKETING_VERSION = 1.0;
				PRODUCT_BUNDLE_IDENTIFIER = "dev.iber.Login-MVVM";
				PRODUCT_NAME = "$(TARGET_NAME)";
				SWIFT_EMIT_LOC_STRINGS = YES;
				SWIFT_VERSION = 5.0;
				TARGETED_DEVICE_FAMILY = "1,2";
			};
			name = Release;
		};
/* End XCBuildConfiguration section */

/* Begin XCConfigurationList section */
		2D886B3929ADDB1C00F47C96 /* Build configuration list for PBXProject "Login MVVM" */ = {
			isa = XCConfigurationList;
			buildConfigurations = (
				2D886B5029ADDB1D00F47C96 /* Debug */,
				2D886B5129ADDB1D00F47C96 /* Release */,
			);
			defaultConfigurationIsVisible = 0;
			defaultConfigurationName = Release;
		};
		2D886B5229ADDB1D00F47C96 /* Build configuration list for PBXNativeTarget "Login MVVM" */ = {
			isa = XCConfigurationList;
			buildConfigurations = (
				2D886B5329ADDB1D00F47C96 /* Debug */,
				2D886B5429ADDB1D00F47C96 /* Release */,
			);
			defaultConfigurationIsVisible = 0;
			defaultConfigurationName = Release;
		};
/* End XCConfigurationList section */
	};
	rootObject = 2D886B3629ADDB1C00F47C96 /* Project object */;
}
